
Microsoft Visual Studio Solution File, Format Version 12.00
# Visual Studio Version 16
VisualStudioVersion = 16.0.31410.357
MinimumVisualStudioVersion = 10.0.40219.1
Project("{8BC9CEB8-8B4A-11D0-8D11-00A0C91BC942}") = "2.7布尔类型", "2.7布尔类型\2.7布尔类型.vcxproj", "{6CB11611-3EB3-4C23-A809-ECD8D6BD26DA}"
EndProject
Global
	GlobalSection(SolutionConfigurationPlatforms) = preSolution
		Debug|x64 = Debug|x64
		Debug|x86 = Debug|x86
		Release|x64 = Release|x64
		Release|x86 = Release|x86
	EndGlobalSection
	GlobalSection(ProjectConfigurationPlatforms) = postSolution
		{6CB11611-3EB3-4C23-A809-ECD8D6BD26DA}.Debug|x64.ActiveCfg = Debug|x64
		{6CB11611-3EB3-4C23-A809-ECD8D6BD26DA}.Debug|x64.Build.0 = Debug|x64
		{6CB11611-3EB3-4C23-A809-ECD8D6BD26DA}.Debug|x86.ActiveCfg = Debug|Win32
		{6CB11611-3EB3-4C23-A809-ECD8D6BD26DA}.Debug|x86.Build.0 = Debug|Win32
		{6CB11611-3EB3-4C23-A809-ECD8D6BD26DA}.Release|x64.ActiveCfg = Release|x64
		{6CB11611-3EB3-4C23-A809-ECD8D6BD26DA}.Release|x64.Build.0 = Release|x64
		{6CB11611-3EB3-4C23-A809-ECD8D6BD26DA}.Release|x86.ActiveCfg = Release|Win32
		{6CB11611-3EB3-4C23-A809-ECD8D6BD26DA}.Release|x86.Build.0 = Release|Win32
	EndGlobalSection
	GlobalSection(SolutionProperties) = preSolution
		HideSolutionNode = FALSE
	EndGlobalSection
	GlobalSection(ExtensibilityGlobals) = postSolution
		SolutionGuid = {A4D20354-DA56-456C-91D6-D7EE33705A5C}
	EndGlobalSection
EndGlobal
