
Microsoft Visual Studio Solution File, Format Version 12.00
# Visual Studio Version 16
VisualStudioVersion = 16.0.31410.357
MinimumVisualStudioVersion = 10.0.40219.1
Project("{8BC9CEB8-8B4A-11D0-8D11-00A0C91BC942}") = "2.8数据输入", "2.8数据输入\2.8数据输入.vcxproj", "{DF989F65-AFD8-4C94-B9B7-DA3353DD57A0}"
EndProject
Global
	GlobalSection(SolutionConfigurationPlatforms) = preSolution
		Debug|x64 = Debug|x64
		Debug|x86 = Debug|x86
		Release|x64 = Release|x64
		Release|x86 = Release|x86
	EndGlobalSection
	GlobalSection(ProjectConfigurationPlatforms) = postSolution
		{DF989F65-AFD8-4C94-B9B7-DA3353DD57A0}.Debug|x64.ActiveCfg = Debug|x64
		{DF989F65-AFD8-4C94-B9B7-DA3353DD57A0}.Debug|x64.Build.0 = Debug|x64
		{DF989F65-AFD8-4C94-B9B7-DA3353DD57A0}.Debug|x86.ActiveCfg = Debug|Win32
		{DF989F65-AFD8-4C94-B9B7-DA3353DD57A0}.Debug|x86.Build.0 = Debug|Win32
		{DF989F65-AFD8-4C94-B9B7-DA3353DD57A0}.Release|x64.ActiveCfg = Release|x64
		{DF989F65-AFD8-4C94-B9B7-DA3353DD57A0}.Release|x64.Build.0 = Release|x64
		{DF989F65-AFD8-4C94-B9B7-DA3353DD57A0}.Release|x86.ActiveCfg = Release|Win32
		{DF989F65-AFD8-4C94-B9B7-DA3353DD57A0}.Release|x86.Build.0 = Release|Win32
	EndGlobalSection
	GlobalSection(SolutionProperties) = preSolution
		HideSolutionNode = FALSE
	EndGlobalSection
	GlobalSection(ExtensibilityGlobals) = postSolution
		SolutionGuid = {28C9BC9D-9D25-4179-916F-1130CC284EEC}
	EndGlobalSection
EndGlobal
